
Microsoft Visual Studio Solution File, Format Version 12.00
# Visual Studio 15
VisualStudioVersion = 15.0.28307.572
MinimumVisualStudioVersion = 10.0.40219.1
Project("{8BC9CEB8-8B4A-11D0-8D11-00A0C91BC942}") = "DAN", "DAN.vcxproj", "{7A53624F-B978-43BC-BDE6-B56B5AA52812}"
EndProject
Project("{2150E333-8FDC-42A3-9474-1A3956D46DE8}") = "Solution Items", "Solution Items", "{ADA103BB-229B-44B8-A70F-ED05DE3039FF}"
	ProjectSection(SolutionItems) = preProject
		パフォーマンス1.psess = パフォーマンス1.psess
	EndProjectSection
EndProject
Global
	GlobalSection(Performance) = preSolution
		HasPerformanceSessions = true
	EndGlobalSection
	GlobalSection(SolutionConfigurationPlatforms) = preSolution
		Debug|x64 = Debug|x64
		Debug|x86 = Debug|x86
		Release|x64 = Release|x64
		Release|x86 = Release|x86
	EndGlobalSection
	GlobalSection(ProjectConfigurationPlatforms) = postSolution
		{7A53624F-B978-43BC-BDE6-B56B5AA52812}.Debug|x64.ActiveCfg = Debug|x64
		{7A53624F-B978-43BC-BDE6-B56B5AA52812}.Debug|x64.Build.0 = Debug|x64
		{7A53624F-B978-43BC-BDE6-B56B5AA52812}.Debug|x86.ActiveCfg = Debug|Win32
		{7A53624F-B978-43BC-BDE6-B56B5AA52812}.Debug|x86.Build.0 = Debug|Win32
		{7A53624F-B978-43BC-BDE6-B56B5AA52812}.Release|x64.ActiveCfg = Release|x64
		{7A53624F-B978-43BC-BDE6-B56B5AA52812}.Release|x64.Build.0 = Release|x64
		{7A53624F-B978-43BC-BDE6-B56B5AA52812}.Release|x86.ActiveCfg = Release|Win32
		{7A53624F-B978-43BC-BDE6-B56B5AA52812}.Release|x86.Build.0 = Release|Win32
	EndGlobalSection
	GlobalSection(SolutionProperties) = preSolution
		HideSolutionNode = FALSE
	EndGlobalSection
	GlobalSection(ExtensibilityGlobals) = postSolution
		SolutionGuid = {3A25AD76-81DF-44C3-A4DC-FB13B9FD8FC3}
	EndGlobalSection
EndGlobal
