<?xml version="1.0" encoding="utf-8"?>
<Project ToolsVersion="4.0" xmlns="http://schemas.microsoft.com/developer/msbuild/2003">
  <ItemGroup>
    <Filter Include="Game Layer">
      <UniqueIdentifier>{6ea48a6a-2db4-426d-920c-46004fad2066}</UniqueIdentifier>
    </Filter>
    <Filter Include="Readme">
      <UniqueIdentifier>{5cf713e1-532d-469a-921f-eb2022ae8805}</UniqueIdentifier>
    </Filter>
    <Filter Include="Resorce Layer">
      <UniqueIdentifier>{1fb35c8e-1d94-4afc-92c3-3ceea78c357b}</UniqueIdentifier>
    </Filter>
    <Filter Include="Resorce Layer\01 Data File">
      <UniqueIdentifier>{f74de526-5881-470c-bc66-24e20a307b24}</UniqueIdentifier>
    </Filter>
    <Filter Include="Resorce Layer\03 Shader File">
      <UniqueIdentifier>{b0237335-8aa3-483e-9705-7984d7b03435}</UniqueIdentifier>
    </Filter>
    <Filter Include="Resorce Layer\04 Sound File">
      <UniqueIdentifier>{0812ec83-eadc-44f2-b337-ecb078e41f3f}</UniqueIdentifier>
    </Filter>
    <Filter Include="Game Layer\Scene">
      <UniqueIdentifier>{cd8e8a79-c498-4eb4-abdb-8f2692ceec36}</UniqueIdentifier>
    </Filter>
    <Filter Include="Game Layer\Scene\Splash">
      <UniqueIdentifier>{7e90f73f-c023-4178-b4ce-89a5f474389c}</UniqueIdentifier>
    </Filter>
    <Filter Include="Game Layer\Scene\Title">
      <UniqueIdentifier>{45d838b7-c16c-4367-a8c0-9dfbca4a6704}</UniqueIdentifier>
    </Filter>
    <Filter Include="Game Layer\Scene\Result">
      <UniqueIdentifier>{2c09a369-b6e9-48fe-9f8c-07e62bbd5daa}</UniqueIdentifier>
    </Filter>
    <Filter Include="Game Layer\Scene\Game">
      <UniqueIdentifier>{0d7ffe8c-9ab6-484a-af3f-b6631db469ab}</UniqueIdentifier>
    </Filter>
    <Filter Include="Loader Layer">
      <UniqueIdentifier>{23d9b99c-945e-4d5a-96ff-bf38fd6c7119}</UniqueIdentifier>
    </Filter>
    <Filter Include="Loader Layer\ShaderLoader">
      <UniqueIdentifier>{61bee9a8-0209-44e6-b9b9-7a6ac5f388b1}</UniqueIdentifier>
    </Filter>
    <Filter Include="Loader Layer\SkinMeshLoader">
      <UniqueIdentifier>{85092c95-064d-4f23-865b-ccd6629f076a}</UniqueIdentifier>
    </Filter>
    <Filter Include="Loader Layer\StaticMeshLoader">
      <UniqueIdentifier>{bcd5ab4a-5f6e-4227-a090-1168f54d2fc9}</UniqueIdentifier>
    </Filter>
    <Filter Include="Loader Layer\TextLoader">
      <UniqueIdentifier>{bc7abbe0-f26f-45ff-a60d-a8eb8b79ddb8}</UniqueIdentifier>
    </Filter>
    <Filter Include="Loader Layer\TextureLoader">
      <UniqueIdentifier>{484d792e-e9dd-4432-bde3-fb8d167f0958}</UniqueIdentifier>
    </Filter>
    <Filter Include="Game Layer\Scene\Credit">
      <UniqueIdentifier>{7b2807bf-899c-4bd1-9960-4f1688e88dea}</UniqueIdentifier>
    </Filter>
    <Filter Include="Game Layer\Scene\Tutorial">
      <UniqueIdentifier>{3caaa803-1a3e-409a-94b2-1181033f6eeb}</UniqueIdentifier>
    </Filter>
    <Filter Include="Game Layer\Scene\Splash\SplashSprite">
      <UniqueIdentifier>{4a0998f3-ccab-4b12-9f18-62afe5467eb7}</UniqueIdentifier>
    </Filter>
    <Filter Include="Game Layer\Player">
      <UniqueIdentifier>{bb356c6e-8ab7-4b34-9e70-9c75e683f750}</UniqueIdentifier>
    </Filter>
    <Filter Include="Tools Layer">
      <UniqueIdentifier>{d0cb7f55-79d9-4f19-bed5-90758acaa297}</UniqueIdentifier>
    </Filter>
    <Filter Include="Tools Layer\Enemy">
      <UniqueIdentifier>{c32ed02e-90c2-4da8-827f-a73c2f0b2284}</UniqueIdentifier>
    </Filter>
    <Filter Include="Game Layer\Enemy">
      <UniqueIdentifier>{7a098705-447e-48a5-b312-660761073be3}</UniqueIdentifier>
    </Filter>
    <Filter Include="Game Layer\MetaAI">
      <UniqueIdentifier>{61acdd25-3097-4d98-b7f5-7b868895cb2b}</UniqueIdentifier>
    </Filter>
    <Filter Include="Game Layer\Tree">
      <UniqueIdentifier>{ffb95cd0-ab47-490b-a1ac-bea73ce39236}</UniqueIdentifier>
    </Filter>
    <Filter Include="Game Layer\Item">
      <UniqueIdentifier>{0025d4b5-8404-4e24-95de-cdbafbb5d176}</UniqueIdentifier>
    </Filter>
    <Filter Include="Game Layer\Tlop">
      <UniqueIdentifier>{06216772-8b7e-4fe7-8c4b-58c99e54a67c}</UniqueIdentifier>
    </Filter>
    <Filter Include="Game Layer\Stone">
      <UniqueIdentifier>{3b746731-6ed9-423f-a31a-f750ed5e43ef}</UniqueIdentifier>
    </Filter>
    <Filter Include="Game Layer\Tree">
      <UniqueIdentifier>{7f5b9b64-5296-48ad-96c6-8061de1bebb6}</UniqueIdentifier>
    </Filter>
    <Filter Include="Game Layer\TestEffect">
      <UniqueIdentifier>{5a3fa736-39c2-416f-a2b9-563a619ee044}</UniqueIdentifier>
    </Filter>
    <Filter Include="Game Layer\Sky">
      <UniqueIdentifier>{37485a13-b7c2-4de1-b39d-b550dff2fc37}</UniqueIdentifier>
    </Filter>
    <Filter Include="Game Layer\NaviAI">
      <UniqueIdentifier>{accd5b1a-788b-44e1-b16a-3215bd8aed77}</UniqueIdentifier>
    </Filter>
    <Filter Include="Game Layer\Scene\Create">
      <UniqueIdentifier>{38969594-a3b8-4c26-be69-77225b90e266}</UniqueIdentifier>
    </Filter>
    <Filter Include="Resorce Layer\02 Texture File">
      <UniqueIdentifier>{fdbdd74a-8587-4f03-baa5-a0b48e615d48}</UniqueIdentifier>
    </Filter>
    <Filter Include="Resorce Layer\07 Model File">
      <UniqueIdentifier>{4c44e2aa-a80c-4518-982c-a9b6976bbc2f}</UniqueIdentifier>
    </Filter>
    <Filter Include="Resorce Layer\06 Effekseer File">
      <UniqueIdentifier>{9e393723-fc8e-47da-809d-422b95ec02be}</UniqueIdentifier>
    </Filter>
    <Filter Include="Resorce Layer\05 Tools File">
      <UniqueIdentifier>{63e3b90d-bc33-44c1-8533-0e03e751fc34}</UniqueIdentifier>
    </Filter>
    <Filter Include="Tools Layer\Item">
      <UniqueIdentifier>{b6a14b1a-1630-4fb9-8d38-6e7f7b1e5f5b}</UniqueIdentifier>
    </Filter>
    <Filter Include="Tools Layer\Tree">
      <UniqueIdentifier>{0279b7aa-7a14-4fde-beeb-93ab3792871d}</UniqueIdentifier>
    </Filter>
    <Filter Include="Tools Layer\MapObject">
      <UniqueIdentifier>{5733f8e1-0aa0-4be5-aaa0-f8ee1372dca0}</UniqueIdentifier>
    </Filter>
    <Filter Include="Constant Layer">
      <UniqueIdentifier>{d06e7814-3312-485e-a549-154968781f0a}</UniqueIdentifier>
    </Filter>
    <Filter Include="Constant Layer\Base">
      <UniqueIdentifier>{78719cad-d79b-4198-b7f4-7136cc21021f}</UniqueIdentifier>
    </Filter>
    <Filter Include="Constant Layer\Entry">
      <UniqueIdentifier>{302c4bc2-7d3a-4590-849b-dc997d519043}</UniqueIdentifier>
    </Filter>
    <Filter Include="Constant Layer\Director">
      <UniqueIdentifier>{ac8ea6bd-cd66-4c0d-b6a9-b751668a208f}</UniqueIdentifier>
    </Filter>
    <Filter Include="Constant Layer\Direct3D9">
      <UniqueIdentifier>{943d0fe6-0741-479f-adb9-6927ed030ab8}</UniqueIdentifier>
    </Filter>
    <Filter Include="Constant Layer\Icon">
      <UniqueIdentifier>{c82cc8bd-bbde-49fe-a87c-14c35e9acf6b}</UniqueIdentifier>
    </Filter>
    <Filter Include="Constant Layer\Imgui">
      <UniqueIdentifier>{e424cf6a-e3a2-4222-b0ff-491778f88740}</UniqueIdentifier>
    </Filter>
    <Filter Include="Constant Layer\Imgui\imguiLib">
      <UniqueIdentifier>{c7d60ed6-ce1f-4269-87ab-549521c4255e}</UniqueIdentifier>
    </Filter>
    <Filter Include="Constant Layer\Input">
      <UniqueIdentifier>{93eb08ab-e317-43d0-8739-cd495f492290}</UniqueIdentifier>
    </Filter>
    <Filter Include="Constant Layer\AbstractScene">
      <UniqueIdentifier>{fd05661e-10e2-441f-8d21-6e1eb4a8e104}</UniqueIdentifier>
    </Filter>
    <Filter Include="Constant Layer\MemoryViewer">
      <UniqueIdentifier>{3b26cda4-5a87-4203-8a61-d7d497b4335f}</UniqueIdentifier>
    </Filter>
    <Filter Include="Game Layer\Scene\Splash">
      <UniqueIdentifier>{7e90f73f-c023-4178-b4ce-89a5f474389c}</UniqueIdentifier>
    </Filter>
    <Filter Include="Game Layer\Scene\Title">
      <UniqueIdentifier>{45d838b7-c16c-4367-a8c0-9dfbca4a6704}</UniqueIdentifier>
    </Filter>
    <Filter Include="Game Layer\Scene\Result">
      <UniqueIdentifier>{2c09a369-b6e9-48fe-9f8c-07e62bbd5daa}</UniqueIdentifier>
    </Filter>
    <Filter Include="Game Layer\Scene\Game">
      <UniqueIdentifier>{0d7ffe8c-9ab6-484a-af3f-b6631db469ab}</UniqueIdentifier>
    </Filter>
    <Filter Include="Constant Layer\GameMaster">
      <UniqueIdentifier>{bbdbb2d7-1fec-484a-8148-f8d253d7bd5e}</UniqueIdentifier>
    </Filter>
    <Filter Include="Constant Layer\Camera">
      <UniqueIdentifier>{8bf42127-736c-4c29-a482-43edd18212b1}</UniqueIdentifier>
    </Filter>
    <Filter Include="Constant Layer\Light">
      <UniqueIdentifier>{c4858452-ff41-4da1-a0b0-173a944b8cf2}</UniqueIdentifier>
    </Filter>
    <Filter Include="Constant Layer\UtilityFunction">
      <UniqueIdentifier>{67a99837-b6b6-453d-93d2-139efecd001b}</UniqueIdentifier>
    </Filter>
    <Filter Include="Constant Layer\Fader">
      <UniqueIdentifier>{e78bd21f-864f-49e7-8659-84f4545b250c}</UniqueIdentifier>
    </Filter>
    <Filter Include="Constant Layer\Collision">
      <UniqueIdentifier>{a9883b2d-bc39-4ae3-bb06-06638e6d8752}</UniqueIdentifier>
    </Filter>
    <Filter Include="Constant Layer\Collision\BoundingSphere">
      <UniqueIdentifier>{bc2e7cff-5c02-4d41-8417-0ab44ab971fc}</UniqueIdentifier>
    </Filter>
    <Filter Include="Constant Layer\Collision\Ray">
      <UniqueIdentifier>{824199bf-383a-44ba-956c-f042628ca2d5}</UniqueIdentifier>
    </Filter>
    <Filter Include="Constant Layer\PointSprite">
      <UniqueIdentifier>{ace4a432-4445-46c2-b06f-dfec172f5b05}</UniqueIdentifier>
    </Filter>
    <Filter Include="Constant Layer\Sprite">
      <UniqueIdentifier>{f6f2ee87-035e-412d-aba0-74d7cc67e621}</UniqueIdentifier>
    </Filter>
    <Filter Include="Constant Layer\Object">
      <UniqueIdentifier>{b3d85d5a-80d7-414f-ad7d-efb141d2e5f0}</UniqueIdentifier>
    </Filter>
    <Filter Include="Constant Layer\InstancingBillboad">
      <UniqueIdentifier>{c7fc4d22-60cc-438c-9022-a2683d4c6534}</UniqueIdentifier>
    </Filter>
    <Filter Include="Constant Layer\SelectItem">
      <UniqueIdentifier>{6ebe25ac-c757-49a9-8891-66d344020c7a}</UniqueIdentifier>
    </Filter>
    <Filter Include="Constant Layer\LinkedList">
      <UniqueIdentifier>{5629ac4e-cfd9-4b55-82b7-e9102a7b5e8d}</UniqueIdentifier>
    </Filter>
    <Filter Include="Constant Layer\Sound">
      <UniqueIdentifier>{9745f206-a046-4b8b-9b78-c87b22650d05}</UniqueIdentifier>
    </Filter>
    <Filter Include="Constant Layer\Sound\BGM">
      <UniqueIdentifier>{cf8887db-979b-457b-812f-0a56ca931807}</UniqueIdentifier>
    </Filter>
    <Filter Include="Constant Layer\Sound\SE">
      <UniqueIdentifier>{b901a311-0b7c-47c0-9aec-df053154a9ea}</UniqueIdentifier>
    </Filter>
    <Filter Include="Constant Layer\Sound\SoundBase">
      <UniqueIdentifier>{22e4816c-9d4e-4bea-8666-160b78119822}</UniqueIdentifier>
    </Filter>
    <Filter Include="Constant Layer\Sound\3D">
      <UniqueIdentifier>{4217904f-bd91-439e-8805-afa05d372347}</UniqueIdentifier>
    </Filter>
    <Filter Include="Constant Layer\Text">
      <UniqueIdentifier>{6ecb2fe8-bfbd-4ccc-80aa-ccc4db4f02f4}</UniqueIdentifier>
    </Filter>
    <Filter Include="Constant Layer\Effekseer">
      <UniqueIdentifier>{e49c7731-b0af-4124-b614-501370a0edcc}</UniqueIdentifier>
    </Filter>
    <Filter Include="Constant Layer\StaticMeshRenderer">
      <UniqueIdentifier>{5a5151ca-d768-4fc4-a5b2-57f575e22a3d}</UniqueIdentifier>
    </Filter>
    <Filter Include="Constant Layer\SkinMeshRenderer">
      <UniqueIdentifier>{42fda601-8ce6-4c87-a6d3-5d7af4425d49}</UniqueIdentifier>
    </Filter>
    <Filter Include="Constant Layer\Window">
      <UniqueIdentifier>{ecc2556b-7a62-4a1e-9d86-d0af6de44857}</UniqueIdentifier>
    </Filter>
    <Filter Include="Game Layer\TestPlane">
      <UniqueIdentifier>{894de7c2-d832-4250-9290-aa96ae0df910}</UniqueIdentifier>
    </Filter>
    <Filter Include="Constant Layer\LinearTreeCell">
      <UniqueIdentifier>{c0a6d1a3-e57e-41d9-a77e-de4fdf678641}</UniqueIdentifier>
    </Filter>
    <Filter Include="Constant Layer\Sound\APO">
      <UniqueIdentifier>{9d675f58-8269-44bd-bbeb-37ce8eabb979}</UniqueIdentifier>
    </Filter>
    <Filter Include="Constant Layer\Text">
      <UniqueIdentifier>{6ecb2fe8-bfbd-4ccc-80aa-ccc4db4f02f4}</UniqueIdentifier>
    </Filter>
    <Filter Include="Game Layer\Scene\Result\ResultUI">
      <UniqueIdentifier>{4dc50f57-80c6-4b00-afff-0ede059a0e17}</UniqueIdentifier>
    </Filter>
    <Filter Include="Game Layer\Scene\Splash">
      <UniqueIdentifier>{7e90f73f-c023-4178-b4ce-89a5f474389c}</UniqueIdentifier>
    </Filter>
    <Filter Include="Game Layer\Scene\Splash\SplashSprite">
      <UniqueIdentifier>{4a0998f3-ccab-4b12-9f18-62afe5467eb7}</UniqueIdentifier>
    </Filter>
    <Filter Include="Game Layer\GameUI">
      <UniqueIdentifier>{05377823-85f2-4b8f-a3aa-3c22d42106b1}</UniqueIdentifier>
    </Filter>
    <Filter Include="Game Layer\Reticle">
      <UniqueIdentifier>{781a28d9-41c9-4ecf-9eb3-f953ebcc4bf0}</UniqueIdentifier>
    </Filter>
    <Filter Include="Game Layer\Enemy\StateMachine">
      <UniqueIdentifier>{6b3788e2-4ae9-4b81-887d-d5b39aaf52e6}</UniqueIdentifier>
    </Filter>
    <Filter Include="Game Layer\Ocean">
      <UniqueIdentifier>{e83e2464-3a91-4e6f-8cdb-74e19f96def1}</UniqueIdentifier>
    </Filter>
    <Filter Include="Game Layer\Scene\Tutorial\Plane">
      <UniqueIdentifier>{648a5834-23ef-46f1-ace4-2bc7184665b0}</UniqueIdentifier>
    </Filter>
    <Filter Include="Game Layer\Scene\Tutorial\UI">
      <UniqueIdentifier>{4898cc1a-35f9-4d06-b769-a8498a62798b}</UniqueIdentifier>
    </Filter>
    <Filter Include="Game Layer\ObjectTypeList">
      <UniqueIdentifier>{bbadf48a-b7ee-4467-b11b-92cf1d3f1918}</UniqueIdentifier>
    </Filter>
    <Filter Include="Game Layer\Wind">
      <UniqueIdentifier>{7e5456ec-bcd4-45ac-be25-598b3d9ca5cf}</UniqueIdentifier>
    </Filter>
    <Filter Include="Game Layer\MapObject">
      <UniqueIdentifier>{a583c9e0-b07d-4db7-9164-83c3fb26a395}</UniqueIdentifier>
    </Filter>
    <Filter Include="Constant Layer\Collision\AxisAlinedBoundingBox">
      <UniqueIdentifier>{7987e540-3b47-4ee8-ae2c-ef5d997eb416}</UniqueIdentifier>
    </Filter>
    <Filter Include="Game Layer\GameUI\Guage">
      <UniqueIdentifier>{5bb8b9a2-f308-41f1-a6dd-48e0aee779fd}</UniqueIdentifier>
    </Filter>
    <Filter Include="Constant Layer\Collision\Box">
      <UniqueIdentifier>{a7b425d0-f9ba-494e-bd85-330819bd8efd}</UniqueIdentifier>
    </Filter>
    <Filter Include="Constant Layer\Collision\CollisionManager">
      <UniqueIdentifier>{5b82a205-c0e2-410a-8356-b67b8bf32594}</UniqueIdentifier>
    </Filter>
    <Filter Include="Game Layer\GameUI\Timer">
      <UniqueIdentifier>{266e6feb-4d63-4f03-937d-34ed7770dab2}</UniqueIdentifier>
    </Filter>
    <Filter Include="Game Layer\Scene\DebugScene">
      <UniqueIdentifier>{09a2ad63-61ff-45ec-b780-9fc1dec511e6}</UniqueIdentifier>
    </Filter>
    <Filter Include="Constant Layer\Sound\WaveBall">
      <UniqueIdentifier>{de30d108-8960-4bd0-8369-8236a6a6b381}</UniqueIdentifier>
    </Filter>
    <Filter Include="Game Layer\Player\State">
      <UniqueIdentifier>{664fc8fa-2e71-4d1e-9e7d-71b1118fd7b8}</UniqueIdentifier>
    </Filter>
    <Filter Include="Game Layer\Player\State\DigitalShiftState">
      <UniqueIdentifier>{98d371f2-8839-48d4-9d24-42e3827ab090}</UniqueIdentifier>
    </Filter>
    <Filter Include="Game Layer\Player\State\NormalState">
      <UniqueIdentifier>{1dc0dacc-e6ae-4dd0-bfbe-a825349f46f0}</UniqueIdentifier>
    </Filter>
    <Filter Include="Game Layer\Player\State\SkyVisionState">
      <UniqueIdentifier>{3defbaa2-c089-4688-8fea-df82a12dc227}</UniqueIdentifier>
    </Filter>
    <Filter Include="Game Layer\Player\State\VisionState">
      <UniqueIdentifier>{2f8a18bc-f623-4831-930f-3f8d43e67bb7}</UniqueIdentifier>
    </Filter>
    <Filter Include="Game Layer\Player\OtherObject">
      <UniqueIdentifier>{227ecf82-d0ce-4cf2-bbca-12aba10cdf13}</UniqueIdentifier>
    </Filter>
    <Filter Include="Game Layer\Player\OtherObject\Bullet">
      <UniqueIdentifier>{83331455-372c-43e8-b5da-cc017d64c561}</UniqueIdentifier>
    </Filter>
    <Filter Include="Game Layer\Player\Effect">
      <UniqueIdentifier>{95c3a96b-b2c5-44ac-a5cd-564022ef5073}</UniqueIdentifier>
    </Filter>
    <Filter Include="Game Layer\GameUI\PlayerUI">
      <UniqueIdentifier>{c4a17d3a-65fb-442e-a2b6-2d471a197331}</UniqueIdentifier>
    </Filter>
    <Filter Include="Game Layer\Player\State\DeathState">
      <UniqueIdentifier>{fbfae732-4b57-444b-b50b-4f490b25165b}</UniqueIdentifier>
    </Filter>
    <Filter Include="Constant Layer\Collision\Cylinder">
      <UniqueIdentifier>{4e7b6768-8cad-46b1-85f4-0ca83835b231}</UniqueIdentifier>
    </Filter>
    <Filter Include="Game Layer\Network">
      <UniqueIdentifier>{a4c35686-eed5-4a24-81e5-9399c4fbad0a}</UniqueIdentifier>
    </Filter>
    <Filter Include="Game Layer\Scene\Result\ResultUI\Character">
      <UniqueIdentifier>{7f82b514-6794-4903-92f0-a684eb0cf356}</UniqueIdentifier>
    </Filter>
    <Filter Include="Game Layer\Scene\Finale">
      <UniqueIdentifier>{ef78fdf6-66da-4cc1-ac8b-771c021c5441}</UniqueIdentifier>
    </Filter>
    <Filter Include="Game Layer\Scene\Display">
      <UniqueIdentifier>{9d1dd45d-9c58-4c71-ab0c-eaf56df266b5}</UniqueIdentifier>
    </Filter>
    <Filter Include="Game Layer\Enemy\Wolf">
      <UniqueIdentifier>{a00de235-f42d-4b26-8e47-054820349a1b}</UniqueIdentifier>
    </Filter>
    <Filter Include="Game Layer\Enemy\Tiger">
      <UniqueIdentifier>{b831f9c0-6125-43b1-9c49-e75aac2dc750}</UniqueIdentifier>
    </Filter>
    <Filter Include="Game Layer\Enemy\Bear">
      <UniqueIdentifier>{27f8d238-8367-4f3b-aa29-5c2cdfe54ce1}</UniqueIdentifier>
    </Filter>
    <Filter Include="Game Layer\Enemy\PartsAnimation">
      <UniqueIdentifier>{e26a7ebf-ba18-4968-87ed-2668cf10827d}</UniqueIdentifier>
    </Filter>
    <Filter Include="Game Layer\Scene\Display\Server">
      <UniqueIdentifier>{5a583993-1f62-4171-b644-171020321cb0}</UniqueIdentifier>
    </Filter>
    <Filter Include="Resorce Layer\08 Network File">
      <UniqueIdentifier>{43b86670-f599-4ca4-b190-94a58eaa2609}</UniqueIdentifier>
    </Filter>
    <Filter Include="Game Layer\GameUI\CountUI">
      <UniqueIdentifier>{32cfdeb6-d27d-4326-93ea-b92546bf7881}</UniqueIdentifier>
    </Filter>
    <Filter Include="Game Layer\GameUI\Marker">
      <UniqueIdentifier>{fc82430f-8944-44f1-8ffe-b9d9598036fa}</UniqueIdentifier>
    </Filter>
    <Filter Include="Game Layer\GameUI\Announcement">
      <UniqueIdentifier>{bc0bd313-0b51-4d5d-abec-beb5d883894c}</UniqueIdentifier>
    </Filter>
    <Filter Include="SerialCommunication">
      <UniqueIdentifier>{27094aec-2858-4e07-af46-390a562c548b}</UniqueIdentifier>
    </Filter>
    <Filter Include="Game Layer\FinaleEffect">
      <UniqueIdentifier>{25e515a2-53cb-489d-b1ec-40416cfff498}</UniqueIdentifier>
    </Filter>
    <Filter Include="Game Layer\Player\State\OPState">
      <UniqueIdentifier>{4a16b2c9-774f-4653-93bb-4eaa885ecdd2}</UniqueIdentifier>
    </Filter>
    <Filter Include="Game Layer\Player\State\EDState">
      <UniqueIdentifier>{f05b29c7-453d-438b-afca-8d47ffc4d7ce}</UniqueIdentifier>
    </Filter>
  </ItemGroup>
  <ItemGroup>
    <ClCompile Include="Base.cpp">
      <Filter>Constant Layer\Base</Filter>
    </ClCompile>
    <ClCompile Include="Entry.cpp">
      <Filter>Constant Layer\Entry</Filter>
    </ClCompile>
    <ClCompile Include="Director.cpp">
      <Filter>Constant Layer\Director</Filter>
    </ClCompile>
    <ClCompile Include="Direct3D9.cpp">
      <Filter>Constant Layer\Direct3D9</Filter>
    </ClCompile>
    <ClCompile Include="ImguiManager.cpp">
      <Filter>Constant Layer\Imgui</Filter>
    </ClCompile>
    <ClCompile Include="Imgui\imgui.cpp">
      <Filter>Constant Layer\Imgui\imguiLib</Filter>
    </ClCompile>
    <ClCompile Include="Imgui\imgui_demo.cpp">
      <Filter>Constant Layer\Imgui\imguiLib</Filter>
    </ClCompile>
    <ClCompile Include="Imgui\imgui_draw.cpp">
      <Filter>Constant Layer\Imgui\imguiLib</Filter>
    </ClCompile>
    <ClCompile Include="Imgui\imgui_impl_dx9.cpp">
      <Filter>Constant Layer\Imgui\imguiLib</Filter>
    </ClCompile>
    <ClCompile Include="Imgui\imgui_impl_win32.cpp">
      <Filter>Constant Layer\Imgui\imguiLib</Filter>
    </ClCompile>
    <ClCompile Include="Imgui\imgui_widgets.cpp">
      <Filter>Constant Layer\Imgui\imguiLib</Filter>
    </ClCompile>
    <ClCompile Include="DirectInputController.cpp">
      <Filter>Constant Layer\Input</Filter>
    </ClCompile>
    <ClCompile Include="Input.cpp">
      <Filter>Constant Layer\Input</Filter>
    </ClCompile>
    <ClCompile Include="AbstractScene.cpp">
      <Filter>Constant Layer\AbstractScene</Filter>
    </ClCompile>
    <ClCompile Include="MemoryViewer.cpp">
      <Filter>Constant Layer\MemoryViewer</Filter>
    </ClCompile>
    <ClCompile Include="Splash.cpp">
      <Filter>Game Layer\Scene\Splash</Filter>
    </ClCompile>
    <ClCompile Include="Title.cpp">
      <Filter>Game Layer\Scene\Title</Filter>
    </ClCompile>
    <ClCompile Include="Tutorial.cpp">
      <Filter>Game Layer\Scene\Tutorial</Filter>
    </ClCompile>
    <ClCompile Include="Result.cpp">
      <Filter>Game Layer\Scene\Result</Filter>
    </ClCompile>
    <ClCompile Include="Game.cpp">
      <Filter>Game Layer\Scene\Game</Filter>
    </ClCompile>
    <ClCompile Include="GameMaster.cpp">
      <Filter>Constant Layer\GameMaster</Filter>
    </ClCompile>
    <ClCompile Include="Camera.cpp">
      <Filter>Constant Layer\Camera</Filter>
    </ClCompile>
    <ClCompile Include="Light.cpp">
      <Filter>Constant Layer\Light</Filter>
    </ClCompile>
    <ClCompile Include="UtilityFunction.cpp">
      <Filter>Constant Layer\UtilityFunction</Filter>
    </ClCompile>
    <ClCompile Include="Fader.cpp">
      <Filter>Constant Layer\Fader</Filter>
    </ClCompile>
    <ClCompile Include="PointSprite.cpp">
      <Filter>Constant Layer\PointSprite</Filter>
    </ClCompile>
    <ClCompile Include="Sprite.cpp">
      <Filter>Constant Layer\Sprite</Filter>
    </ClCompile>
    <ClCompile Include="Credit.cpp">
      <Filter>Game Layer\Scene\Credit</Filter>
    </ClCompile>
    <ClCompile Include="BoundingSphere.cpp">
      <Filter>Constant Layer\Collision\BoundingSphere</Filter>
    </ClCompile>
    <ClCompile Include="Ray.cpp">
      <Filter>Constant Layer\Collision\Ray</Filter>
    </ClCompile>
    <ClCompile Include="TextureLoader.cpp">
      <Filter>Loader Layer\TextureLoader</Filter>
    </ClCompile>
    <ClCompile Include="StaticMeshLoader.cpp">
      <Filter>Loader Layer\StaticMeshLoader</Filter>
    </ClCompile>
    <ClCompile Include="SplashSprite.cpp">
      <Filter>Game Layer\Scene\Splash\SplashSprite</Filter>
    </ClCompile>
    <ClCompile Include="Object.cpp">
      <Filter>Constant Layer\Object</Filter>
    </ClCompile>
    <ClCompile Include="InstancingBillboard.cpp">
      <Filter>Constant Layer\InstancingBillboad</Filter>
    </ClCompile>
    <ClCompile Include="ShaderLoader.cpp">
      <Filter>Loader Layer\ShaderLoader</Filter>
    </ClCompile>
    <ClCompile Include="LinkedList.cpp">
      <Filter>Constant Layer\LinkedList</Filter>
    </ClCompile>
    <ClCompile Include="Sound.cpp">
      <Filter>Constant Layer\Sound</Filter>
    </ClCompile>
    <ClCompile Include="BGM.cpp">
      <Filter>Constant Layer\Sound\BGM</Filter>
    </ClCompile>
    <ClCompile Include="SE.cpp">
      <Filter>Constant Layer\Sound\SE</Filter>
    </ClCompile>
    <ClCompile Include="SoundBase.cpp">
      <Filter>Constant Layer\Sound\SoundBase</Filter>
    </ClCompile>
    <ClCompile Include="EnemyManager.cpp">
      <Filter>Game Layer\Enemy</Filter>
    </ClCompile>
    <ClCompile Include="Enemy.cpp">
      <Filter>Game Layer\Enemy</Filter>
    </ClCompile>
    <ClCompile Include="AIDirector.cpp">
      <Filter>Game Layer\MetaAI</Filter>
    </ClCompile>
    <ClCompile Include="Sensor.cpp">
      <Filter>Game Layer\MetaAI</Filter>
    </ClCompile>
    <ClCompile Include="EventMaker.cpp">
      <Filter>Game Layer\MetaAI</Filter>
    </ClCompile>
    <ClCompile Include="OperationGenerator.cpp">
      <Filter>Game Layer\MetaAI</Filter>
    </ClCompile>
    <ClCompile Include="Tree.cpp">
      <Filter>Game Layer\Tree</Filter>
    </ClCompile>
    <ClCompile Include="TreeManager.cpp">
      <Filter>Game Layer\Tree</Filter>
    </ClCompile>
    <ClCompile Include="Item.cpp">
      <Filter>Game Layer\Item</Filter>
    </ClCompile>
    <ClCompile Include="Battery.cpp">
      <Filter>Game Layer\Item</Filter>
    </ClCompile>
    <ClCompile Include="ItemManager.cpp">
      <Filter>Game Layer\Item</Filter>
    </ClCompile>
    <ClCompile Include="telop.cpp">
      <Filter>Game Layer\Tlop</Filter>
    </ClCompile>
    <ClCompile Include="Stone.cpp">
      <Filter>Game Layer\Stone</Filter>
    </ClCompile>
    <ClCompile Include="TestEffect.cpp">
      <Filter>Game Layer\TestEffect</Filter>
    </ClCompile>
    <ClCompile Include="TestEffect.cpp" />
    <ClCompile Include="TextManager.cpp">
      <Filter>Loader Layer\TextLoader</Filter>
    </ClCompile>
    <ClCompile Include="Text.cpp">
      <Filter>Constant Layer\Text</Filter>
    </ClCompile>
    <ClCompile Include="CreditTex.cpp">
      <Filter>Game Layer\Scene\Credit</Filter>
    </ClCompile>
    <ClCompile Include="TutorialTex.cpp">
      <Filter>Game Layer\Scene\Tutorial</Filter>
    </ClCompile>
    <ClCompile Include="TitleUI.cpp">
      <Filter>Game Layer\Scene\Title</Filter>
    </ClCompile>
    <ClCompile Include="UIrank.cpp">
      <Filter>Game Layer\Scene\Result\ResultUI</Filter>
    </ClCompile>
    <ClCompile Include="UInumber.cpp">
      <Filter>Game Layer\Scene\Result\ResultUI</Filter>
    </ClCompile>
    <ClCompile Include="exampleItem.cpp">
      <Filter>Game Layer\Item</Filter>
    </ClCompile>
    <ClCompile Include="SpriteGauge.cpp">
      <Filter>Constant Layer\Sprite</Filter>
    </ClCompile>
    <ClCompile Include="EffekseerManager.cpp">
      <Filter>Constant Layer\Effekseer</Filter>
    </ClCompile>
    <ClCompile Include="Sky.cpp">
      <Filter>Game Layer\Sky</Filter>
    </ClCompile>
    <ClCompile Include="Create.cpp">
      <Filter>Game Layer\Scene\Create</Filter>
    </ClCompile>
    <ClCompile Include="NavigationMesh.cpp">
      <Filter>Game Layer\NaviAI</Filter>
    </ClCompile>
    <ClCompile Include="VertexAccessor.cpp">
      <Filter>Game Layer\NaviAI</Filter>
    </ClCompile>
    <ClCompile Include="AStar.cpp">
      <Filter>Game Layer\NaviAI</Filter>
    </ClCompile>
    <ClCompile Include="MeshData.cpp">
      <Filter>Game Layer\NaviAI</Filter>
    </ClCompile>
    <ClCompile Include="TmpObject.cpp">
      <Filter>Game Layer\Scene\Create</Filter>
    </ClCompile>
    <ClCompile Include="ItemTools.cpp">
      <Filter>Tools Layer\Item</Filter>
    </ClCompile>
    <ClCompile Include="MapObjectTool.cpp">
      <Filter>Tools Layer\MapObject</Filter>
    </ClCompile>
    <ClCompile Include="MapObjectTool.cpp">
      <Filter>Tools Layer\MapObject</Filter>
    </ClCompile>
    <ClCompile Include="StaticMeshRenderer.cpp">
      <Filter>Constant Layer\StaticMeshRenderer</Filter>
    </ClCompile>
    <ClCompile Include="MemoryDebug.cpp">
      <Filter>Game Layer</Filter>
    </ClCompile>
    <ClCompile Include="Window.cpp">
      <Filter>Constant Layer\Window</Filter>
    </ClCompile>
    <ClCompile Include="TestPlane.cpp">
      <Filter>Game Layer\TestPlane</Filter>
    </ClCompile>
    <ClCompile Include="LinearTreeCell.cpp">
      <Filter>Constant Layer\LinearTreeCell</Filter>
    </ClCompile>
    <ClCompile Include="TreeTools.cpp">
      <Filter>Tools Layer\Tree</Filter>
    </ClCompile>
    <ClCompile Include="3DSound.cpp">
      <Filter>Constant Layer\Sound\3D</Filter>
    </ClCompile>
    <ClCompile Include="PathFollowing.cpp">
      <Filter>Game Layer\NaviAI</Filter>
    </ClCompile>
    <ClCompile Include="AllocateHierarchy.cpp">
      <Filter>Constant Layer\SkinMeshRenderer</Filter>
    </ClCompile>
    <ClCompile Include="D3DXAnimation.cpp">
      <Filter>Constant Layer\SkinMeshRenderer</Filter>
    </ClCompile>
    <ClCompile Include="movep.cpp">
      <Filter>Loader Layer\SkinMeshLoader</Filter>
    </ClCompile>
    <ClCompile Include="ActionEventSeting.cpp">
      <Filter>Constant Layer\SkinMeshRenderer</Filter>
    </ClCompile>
    <ClCompile Include="Bullet.cpp">
      <Filter>Game Layer\Player\OtherObject\Bullet</Filter>
    </ClCompile>
    <ClCompile Include="State.cpp">
      <Filter>Game Layer\Enemy\StateMachine</Filter>
    </ClCompile>
    <ClCompile Include="StateMachine.cpp">
      <Filter>Game Layer\Enemy\StateMachine</Filter>
    </ClCompile>
    <ClCompile Include="StateType.cpp">
      <Filter>Game Layer\Enemy\StateMachine</Filter>
    </ClCompile>
    <ClCompile Include="EnemyTools.cpp">
      <Filter>Tools Layer\Enemy</Filter>
    </ClCompile>
    <ClCompile Include="Fuzzy.cpp">
      <Filter>Game Layer\MetaAI</Filter>
    </ClCompile>
    <ClCompile Include="Reticle.cpp">
      <Filter>Game Layer\Reticle</Filter>
    </ClCompile>
    <ClCompile Include="Ocean.cpp">
      <Filter>Game Layer\Ocean</Filter>
    </ClCompile>
    <ClCompile Include="FixedUI.cpp">
      <Filter>Game Layer\GameUI</Filter>
    </ClCompile>
    <ClCompile Include="ResultUI.cpp">
      <Filter>Game Layer\Scene\Result\ResultUI</Filter>
    </ClCompile>
    <ClCompile Include="UItex.cpp">
      <Filter>Game Layer\Scene\Result\ResultUI</Filter>
    </ClCompile>
    <ClCompile Include="BasicUI.cpp">
      <Filter>Game Layer\GameUI</Filter>
    </ClCompile>
    <ClCompile Include="tutorialPlane.cpp">
      <Filter>Game Layer\Scene\Tutorial\Plane</Filter>
    </ClCompile>
    <ClCompile Include="TutorialUI.cpp">
      <Filter>Game Layer\Scene\Tutorial\UI</Filter>
    </ClCompile>
    <ClCompile Include="TelopManager.cpp">
      <Filter>Game Layer\Tlop</Filter>
    </ClCompile>
    <ClCompile Include="TestEffectOccurrence.cpp">
      <Filter>Game Layer\TestEffect</Filter>
    </ClCompile>
    <ClCompile Include="StatusFrame.cpp">
      <Filter>Game Layer\GameUI</Filter>
    </ClCompile>
    <ClCompile Include="CollisionManager.cpp">
      <Filter>Constant Layer\Collision\CollisionManager</Filter>
    </ClCompile>
    <ClCompile Include="Wind.cpp">
      <Filter>Game Layer\Wind</Filter>
    </ClCompile>
    <ClCompile Include="MapObject.cpp">
      <Filter>Game Layer\MapObject</Filter>
    </ClCompile>
    <ClCompile Include="MapObjectManager.cpp">
      <Filter>Game Layer\MapObject</Filter>
    </ClCompile>
    <ClCompile Include="AABB.cpp">
      <Filter>Constant Layer\Collision\AxisAlinedBoundingBox</Filter>
    </ClCompile>
    <ClCompile Include="HPguage.cpp">
      <Filter>Game Layer\GameUI\Guage</Filter>
    </ClCompile>
    <ClCompile Include="HPguageEmp.cpp">
      <Filter>Game Layer\GameUI\Guage</Filter>
    </ClCompile>
    <ClCompile Include="CharaIcon.cpp">
      <Filter>Game Layer\GameUI</Filter>
    </ClCompile>
    <ClCompile Include="ButtonUI.cpp">
      <Filter>Game Layer\GameUI</Filter>
    </ClCompile>
    <ClCompile Include="Advertisement.cpp">
      <Filter>Game Layer\TestPlane</Filter>
    </ClCompile>
    <ClCompile Include="Player.cpp">
      <Filter>Game Layer\Player</Filter>
    </ClCompile>
    <ClCompile Include="HPguageP2.cpp">
      <Filter>Game Layer\GameUI\Guage</Filter>
    </ClCompile>
    <ClCompile Include="GreeningArea.cpp">
      <Filter>Game Layer\Tree</Filter>
    </ClCompile>
    <ClCompile Include="NormalState.cpp">
      <Filter>Game Layer\Player\State\NormalState</Filter>
    </ClCompile>
    <ClCompile Include="DebugBox.cpp">
      <Filter>Constant Layer\Collision\Box</Filter>
    </ClCompile>
    <ClCompile Include="DigitalShiftState.cpp">
      <Filter>Game Layer\Player\State\DigitalShiftState</Filter>
    </ClCompile>
    <ClCompile Include="VisionState.cpp">
      <Filter>Game Layer\Player\State\VisionState</Filter>
    </ClCompile>
    <ClCompile Include="SkyVisionState.cpp">
      <Filter>Game Layer\Player\State\SkyVisionState</Filter>
    </ClCompile>
    <ClCompile Include="ElectGuageEmp.cpp">
      <Filter>Game Layer\GameUI\Guage</Filter>
    </ClCompile>
    <ClCompile Include="Timer.cpp">
      <Filter>Game Layer\GameUI\Timer</Filter>
    </ClCompile>
    <ClCompile Include="TimerFrame.cpp">
      <Filter>Game Layer\GameUI\Timer</Filter>
    </ClCompile>
    <ClCompile Include="ElectGuage.cpp">
      <Filter>Game Layer\GameUI\Guage</Filter>
    </ClCompile>
    <ClCompile Include="DebugScene.cpp">
      <Filter>Game Layer\Scene\DebugScene</Filter>
    </ClCompile>
    <ClCompile Include="WaveBall.cpp">
      <Filter>Constant Layer\Sound\WaveBall</Filter>
    </ClCompile>
    <ClCompile Include="Player1UI.cpp">
      <Filter>Game Layer\GameUI\PlayerUI</Filter>
    </ClCompile>
    <ClCompile Include="Player2UI.cpp">
      <Filter>Game Layer\GameUI\PlayerUI</Filter>
    </ClCompile>
    <ClCompile Include="DigitalShiftEffect.cpp">
      <Filter>Game Layer\Player\Effect</Filter>
    </ClCompile>
    <ClCompile Include="TreeEffect.cpp">
      <Filter>Game Layer\Tree</Filter>
    </ClCompile>
    <ClCompile Include="Cylinder.cpp">
      <Filter>Constant Layer\Collision\Cylinder</Filter>
    </ClCompile>
    <ClCompile Include="DeathState.cpp">
      <Filter>Game Layer\Player\State\DeathState</Filter>
    </ClCompile>
    <ClCompile Include="ResultBG.cpp">
      <Filter>Game Layer\Scene\Result\ResultUI</Filter>
    </ClCompile>
    <ClCompile Include="UIcharacter.cpp">
      <Filter>Game Layer\Scene\Result\ResultUI\Character</Filter>
    </ClCompile>
    <ClCompile Include="Result_chara.cpp">
      <Filter>Game Layer\Scene\Result\ResultUI\Character</Filter>
    </ClCompile>
    <ClCompile Include="Player_Chara.cpp">
      <Filter>Game Layer\Scene\Result\ResultUI\Character</Filter>
    </ClCompile>
    <ClCompile Include="Greenig_Chara.cpp">
      <Filter>Game Layer\Scene\Result\ResultUI\Character</Filter>
    </ClCompile>
    <ClCompile Include="Defeat_Chara.cpp">
      <Filter>Game Layer\Scene\Result\ResultUI\Character</Filter>
    </ClCompile>
    <ClCompile Include="Greening_Moji.cpp">
      <Filter>Game Layer\Scene\Result\ResultUI\Character</Filter>
    </ClCompile>
    <ClCompile Include="Defeat_Moji.cpp">
      <Filter>Game Layer\Scene\Result\ResultUI\Character</Filter>
    </ClCompile>
    <ClCompile Include="WholeGreening.cpp">
      <Filter>Game Layer\Scene\Result\ResultUI\Character</Filter>
    </ClCompile>
    <ClCompile Include="EnemyChaseMark.cpp">
      <Filter>Game Layer\Enemy</Filter>
    </ClCompile>
    <ClCompile Include="Wolf.cpp">
      <Filter>Game Layer\Enemy\Wolf</Filter>
    </ClCompile>
    <ClCompile Include="Tiger.cpp">
      <Filter>Game Layer\Enemy\Tiger</Filter>
    </ClCompile>
    <ClCompile Include="TigerAnimation.cpp">
      <Filter>Game Layer\Enemy\Tiger</Filter>
    </ClCompile>
    <ClCompile Include="TigerBullet.cpp">
      <Filter>Game Layer\Enemy\Tiger</Filter>
    </ClCompile>
    <ClCompile Include="Bear.cpp">
      <Filter>Game Layer\Enemy\Bear</Filter>
    </ClCompile>
    <ClCompile Include="PartsAnimation.cpp">
      <Filter>Game Layer\Enemy\PartsAnimation</Filter>
    </ClCompile>
    <ClCompile Include="PartsAnimationManager.cpp">
      <Filter>Game Layer\Enemy\PartsAnimation</Filter>
    </ClCompile>
    <ClCompile Include="Display.cpp">
      <Filter>Game Layer\Scene\Display</Filter>
    </ClCompile>
    <ClCompile Include="WolfAnimation.cpp">
      <Filter>Game Layer\Enemy\Wolf</Filter>
    </ClCompile>
    <ClCompile Include="BearAnimation.cpp">
      <Filter>Game Layer\Enemy\Bear</Filter>
    </ClCompile>
    <ClCompile Include="Finale.cpp">
      <Filter>Game Layer\Scene\Finale</Filter>
    </ClCompile>
    <ClCompile Include="networkServer.cpp">
      <Filter>Game Layer\Scene\Display\Server</Filter>
    </ClCompile>
    <ClCompile Include="networkClient.cpp">
      <Filter>Game Layer\Network</Filter>
    </ClCompile>
    <ClCompile Include="SaiFadeIn.cpp">
      <Filter>Constant Layer\Sound\APO</Filter>
    </ClCompile>
    <ClCompile Include="SaiDelayReverb.cpp">
      <Filter>Constant Layer\Sound\APO</Filter>
    </ClCompile>
    <ClCompile Include="CountUI.cpp">
      <Filter>Game Layer\GameUI\CountUI</Filter>
    </ClCompile>
    <ClCompile Include="movep1.cpp">
      <Filter>Loader Layer\SkinMeshLoader</Filter>
    </ClCompile>
    <ClCompile Include="Announcement.cpp">
      <Filter>Game Layer\GameUI\Announcement</Filter>
    </ClCompile>
    <ClCompile Include="Marker.cpp">
      <Filter>Game Layer\GameUI\Marker</Filter>
    </ClCompile>
    <ClCompile Include="Persent.cpp">
      <Filter>Game Layer\Scene\Result\ResultUI\Character</Filter>
    </ClCompile>
    <ClCompile Include="SerialCommunication.cpp">
      <Filter>SerialCommunication</Filter>
    </ClCompile>
    <ClCompile Include="Mark.cpp">
      <Filter>Game Layer\GameUI\Guage</Filter>
    </ClCompile>
    <ClCompile Include="Green.cpp">
      <Filter>Game Layer\GameUI</Filter>
    </ClCompile>
    <ClCompile Include="GreenRate.cpp">
      <Filter>Game Layer\GameUI</Filter>
    </ClCompile>
    <ClCompile Include="Equipment.cpp">
      <Filter>Loader Layer\SkinMeshLoader</Filter>
    </ClCompile>
    <ClCompile Include="DamageUI.cpp">
      <Filter>Game Layer\GameUI\PlayerUI</Filter>
    </ClCompile>
    <ClCompile Include="FinaleTex.cpp">
      <Filter>Game Layer\Scene\Finale</Filter>
    </ClCompile>
    <ClCompile Include="FinaleEffect.cpp">
      <Filter>Game Layer\FinaleEffect</Filter>
    </ClCompile>
    <ClCompile Include="PlayerEffect.cpp">
      <Filter>Game Layer\Player\Effect</Filter>
    </ClCompile>
  </ItemGroup>
  <ItemGroup>
    <ClInclude Include="Base.h">
      <Filter>Constant Layer\Base</Filter>
    </ClInclude>
    <ClInclude Include="Director.h">
      <Filter>Constant Layer\Director</Filter>
    </ClInclude>
    <ClInclude Include="Direct3D9.h">
      <Filter>Constant Layer\Direct3D9</Filter>
    </ClInclude>
    <ClInclude Include="Icon.h">
      <Filter>Constant Layer\Icon</Filter>
    </ClInclude>
    <ClInclude Include="ImguiManager.h">
      <Filter>Constant Layer\Imgui</Filter>
    </ClInclude>
    <ClInclude Include="Imgui\imconfig.h">
      <Filter>Constant Layer\Imgui\imguiLib</Filter>
    </ClInclude>
    <ClInclude Include="Imgui\imgui.h">
      <Filter>Constant Layer\Imgui\imguiLib</Filter>
    </ClInclude>
    <ClInclude Include="Imgui\imgui_impl_dx9.h">
      <Filter>Constant Layer\Imgui\imguiLib</Filter>
    </ClInclude>
    <ClInclude Include="Imgui\imgui_impl_win32.h">
      <Filter>Constant Layer\Imgui\imguiLib</Filter>
    </ClInclude>
    <ClInclude Include="Imgui\imgui_internal.h">
      <Filter>Constant Layer\Imgui\imguiLib</Filter>
    </ClInclude>
    <ClInclude Include="Imgui\imstb_rectpack.h">
      <Filter>Constant Layer\Imgui\imguiLib</Filter>
    </ClInclude>
    <ClInclude Include="Imgui\imstb_textedit.h">
      <Filter>Constant Layer\Imgui\imguiLib</Filter>
    </ClInclude>
    <ClInclude Include="Imgui\imstb_truetype.h">
      <Filter>Constant Layer\Imgui\imguiLib</Filter>
    </ClInclude>
    <ClInclude Include="DirectInputController.h">
      <Filter>Constant Layer\Input</Filter>
    </ClInclude>
    <ClInclude Include="Input.h">
      <Filter>Constant Layer\Input</Filter>
    </ClInclude>
    <ClInclude Include="VirtualController.h">
      <Filter>Constant Layer\Input</Filter>
    </ClInclude>
    <ClInclude Include="AbstractScene.h">
      <Filter>Constant Layer\AbstractScene</Filter>
    </ClInclude>
    <ClInclude Include="MemoryViewer.h">
      <Filter>Constant Layer\MemoryViewer</Filter>
    </ClInclude>
    <ClInclude Include="Splash.h">
      <Filter>Game Layer\Scene\Splash</Filter>
    </ClInclude>
    <ClInclude Include="Title.h">
      <Filter>Game Layer\Scene\Title</Filter>
    </ClInclude>
    <ClInclude Include="Tutorial.h">
      <Filter>Game Layer\Scene\Tutorial</Filter>
    </ClInclude>
    <ClInclude Include="Result.h">
      <Filter>Game Layer\Scene\Result</Filter>
    </ClInclude>
    <ClInclude Include="Game.h">
      <Filter>Game Layer\Scene\Game</Filter>
    </ClInclude>
    <ClInclude Include="GameMaster.h">
      <Filter>Constant Layer\GameMaster</Filter>
    </ClInclude>
    <ClInclude Include="Camera.h">
      <Filter>Constant Layer\Camera</Filter>
    </ClInclude>
    <ClInclude Include="Light.h">
      <Filter>Constant Layer\Light</Filter>
    </ClInclude>
    <ClInclude Include="UtilityFunction.h">
      <Filter>Constant Layer\UtilityFunction</Filter>
    </ClInclude>
    <ClInclude Include="Fader.h">
      <Filter>Constant Layer\Fader</Filter>
    </ClInclude>
    <ClInclude Include="PointSprite.h">
      <Filter>Constant Layer\PointSprite</Filter>
    </ClInclude>
    <ClInclude Include="Sprite.h">
      <Filter>Constant Layer\Sprite</Filter>
    </ClInclude>
    <ClInclude Include="Credit.h">
      <Filter>Game Layer\Scene\Credit</Filter>
    </ClInclude>
    <ClInclude Include="BoundingSphere.h">
      <Filter>Constant Layer\Collision\BoundingSphere</Filter>
    </ClInclude>
    <ClInclude Include="Ray.h">
      <Filter>Constant Layer\Collision\Ray</Filter>
    </ClInclude>
    <ClInclude Include="TextureLoader.h">
      <Filter>Loader Layer\TextureLoader</Filter>
    </ClInclude>
    <ClInclude Include="StaticMeshLoader.h">
      <Filter>Loader Layer\StaticMeshLoader</Filter>
    </ClInclude>
    <ClInclude Include="SplashSprite.h">
      <Filter>Game Layer\Scene\Splash\SplashSprite</Filter>
    </ClInclude>
    <ClInclude Include="Player.h">
      <Filter>Game Layer\Player</Filter>
    </ClInclude>
    <ClInclude Include="Object.h">
      <Filter>Constant Layer\Object</Filter>
    </ClInclude>
    <ClInclude Include="InstancingBillboard.h">
      <Filter>Constant Layer\InstancingBillboad</Filter>
    </ClInclude>
    <ClInclude Include="ShaderLoader.h">
      <Filter>Loader Layer\ShaderLoader</Filter>
    </ClInclude>
    <ClInclude Include="LinkedList.h">
      <Filter>Constant Layer\LinkedList</Filter>
    </ClInclude>
    <ClInclude Include="Sound.h">
      <Filter>Constant Layer\Sound</Filter>
    </ClInclude>
    <ClInclude Include="BGM.h">
      <Filter>Constant Layer\Sound\BGM</Filter>
    </ClInclude>
    <ClInclude Include="SE.h">
      <Filter>Constant Layer\Sound\SE</Filter>
    </ClInclude>
    <ClInclude Include="SoundBase.h">
      <Filter>Constant Layer\Sound\SoundBase</Filter>
    </ClInclude>
    <ClInclude Include="EnemyManager.h">
      <Filter>Game Layer\Enemy</Filter>
    </ClInclude>
    <ClInclude Include="Enemy.h">
      <Filter>Game Layer\Enemy</Filter>
    </ClInclude>
    <ClInclude Include="AIDirector.h">
      <Filter>Game Layer\MetaAI</Filter>
    </ClInclude>
    <ClInclude Include="Sensor.h">
      <Filter>Game Layer\MetaAI</Filter>
    </ClInclude>
    <ClInclude Include="EventMaker.h">
      <Filter>Game Layer\MetaAI</Filter>
    </ClInclude>
    <ClInclude Include="OperationGenerator.h">
      <Filter>Game Layer\MetaAI</Filter>
    </ClInclude>
    <ClInclude Include="Tree.h">
      <Filter>Game Layer\Tree</Filter>
    </ClInclude>
    <ClInclude Include="TreeManager.h">
      <Filter>Game Layer\Tree</Filter>
    </ClInclude>
    <ClInclude Include="Item.h">
      <Filter>Game Layer\Item</Filter>
    </ClInclude>
    <ClInclude Include="Battery.h">
      <Filter>Game Layer\Item</Filter>
    </ClInclude>
    <ClInclude Include="ItemManager.h">
      <Filter>Game Layer\Item</Filter>
    </ClInclude>
    <ClInclude Include="telop.h">
      <Filter>Game Layer\Tlop</Filter>
    </ClInclude>
    <ClInclude Include="TextManager.h">
      <Filter>Loader Layer\TextLoader</Filter>
    </ClInclude>
    <ClInclude Include="Text.h">
      <Filter>Constant Layer\Text</Filter>
    </ClInclude>
    <ClInclude Include="Stone.h">
      <Filter>Game Layer\Stone</Filter>
    </ClInclude>
    <ClInclude Include="TestEffect.h">
      <Filter>Game Layer\TestEffect</Filter>
    </ClInclude>
    <ClInclude Include="CreditTex.h">
      <Filter>Game Layer\Scene\Credit</Filter>
    </ClInclude>
    <ClInclude Include="TutorialTex.h">
      <Filter>Game Layer\Scene\Tutorial</Filter>
    </ClInclude>
    <ClInclude Include="TitleUI.h">
      <Filter>Game Layer\Scene\Title</Filter>
    </ClInclude>
    <ClInclude Include="TestEffect.h">
      <Filter>Game Layer\TestEffect</Filter>
    </ClInclude>
    <ClInclude Include="ResultUI.h">
      <Filter>Game Layer\Scene\Result\ResultUI</Filter>
    </ClInclude>
    <ClInclude Include="UItex.h">
      <Filter>Game Layer\Scene\Result\ResultUI</Filter>
    </ClInclude>
    <ClInclude Include="UIrank.h">
      <Filter>Game Layer\Scene\Result\ResultUI</Filter>
    </ClInclude>
    <ClInclude Include="UInumber.h">
      <Filter>Game Layer\Scene\Result\ResultUI</Filter>
    </ClInclude>
    <ClInclude Include="EffekseerManager.h">
      <Filter>Constant Layer\Effekseer</Filter>
    </ClInclude>
    <ClInclude Include="Effekseer\Compiled\include\Effekseer.h">
      <Filter>Constant Layer\Effekseer</Filter>
    </ClInclude>
    <ClInclude Include="Effekseer\Compiled\include\EffekseerRendererDX9.h">
      <Filter>Constant Layer\Effekseer</Filter>
    </ClInclude>
    <ClInclude Include="Effekseer\Compiled\include\EffekseerSoundXAudio2.h">
      <Filter>Constant Layer\Effekseer</Filter>
    </ClInclude>
    <ClInclude Include="Sky.h">
      <Filter>Game Layer\Sky</Filter>
    </ClInclude>
    <ClInclude Include="NavigationMesh.h">
      <Filter>Game Layer\NaviAI</Filter>
    </ClInclude>
    <ClInclude Include="VertexAccessor.h">
      <Filter>Game Layer\NaviAI</Filter>
    </ClInclude>
    <ClInclude Include="AStar.h">
      <Filter>Game Layer\NaviAI</Filter>
    </ClInclude>
    <ClInclude Include="MeshData.h">
      <Filter>Game Layer\NaviAI</Filter>
    </ClInclude>
    <ClInclude Include="Create.h">
      <Filter>Game Layer\Scene\Create</Filter>
    </ClInclude>
    <ClInclude Include="StaticMeshRenderer.h">
      <Filter>Constant Layer\StaticMeshRenderer</Filter>
    </ClInclude>
    <ClInclude Include="TmpObject.h">
      <Filter>Game Layer\Scene\Create</Filter>
    </ClInclude>
    <ClInclude Include="ItemTools.h">
      <Filter>Tools Layer\Item</Filter>
    </ClInclude>
    <ClInclude Include="MapObjectTool.h">
      <Filter>Tools Layer\MapObject</Filter>
    </ClInclude>
    <ClInclude Include="MapObjectTool.h">
      <Filter>Tools Layer\MapObject</Filter>
    </ClInclude>
    <ClInclude Include="exampleItem.h">
      <Filter>Game Layer\Item</Filter>
    </ClInclude>
    <ClInclude Include="SpriteGauge.h">
      <Filter>Constant Layer\Sprite</Filter>
    </ClInclude>
    <ClInclude Include="MemoryDebug.h">
      <Filter>Game Layer</Filter>
    </ClInclude>
    <ClInclude Include="Window.h">
      <Filter>Constant Layer\Window</Filter>
    </ClInclude>
    <ClInclude Include="TestPlane.h">
      <Filter>Game Layer\TestPlane</Filter>
    </ClInclude>
    <ClInclude Include="LinearTreeCell.h">
      <Filter>Constant Layer\LinearTreeCell</Filter>
    </ClInclude>
    <ClInclude Include="TreeTools.h">
      <Filter>Tools Layer\Tree</Filter>
    </ClInclude>
    <ClInclude Include="3DSound.h">
      <Filter>Constant Layer\Sound\3D</Filter>
    </ClInclude>
    <ClInclude Include="PathFollowing.h">
      <Filter>Game Layer\NaviAI</Filter>
    </ClInclude>
    <ClInclude Include="AllocateHierarchy.h">
      <Filter>Constant Layer\SkinMeshRenderer</Filter>
    </ClInclude>
    <ClInclude Include="D3DXAnimation.h">
      <Filter>Constant Layer\SkinMeshRenderer</Filter>
    </ClInclude>
    <ClInclude Include="movep.h">
      <Filter>Loader Layer\SkinMeshLoader</Filter>
    </ClInclude>
    <ClInclude Include="ActionEventSeting.h">
      <Filter>Constant Layer\SkinMeshRenderer</Filter>
    </ClInclude>
    <ClInclude Include="Bullet.h">
      <Filter>Game Layer\Player\OtherObject\Bullet</Filter>
    </ClInclude>
    <ClInclude Include="State.h">
      <Filter>Game Layer\Enemy\StateMachine</Filter>
    </ClInclude>
    <ClInclude Include="StateMachine.h">
      <Filter>Game Layer\Enemy\StateMachine</Filter>
    </ClInclude>
    <ClInclude Include="StateType.h">
      <Filter>Game Layer\Enemy\StateMachine</Filter>
    </ClInclude>
    <ClInclude Include="EnemyTools.h">
      <Filter>Tools Layer\Enemy</Filter>
    </ClInclude>
    <ClInclude Include="Fuzzy.h">
      <Filter>Game Layer\MetaAI</Filter>
    </ClInclude>
    <ClInclude Include="Reticle.h">
      <Filter>Game Layer\Reticle</Filter>
    </ClInclude>
    <ClInclude Include="Ocean.h">
      <Filter>Game Layer\Ocean</Filter>
    </ClInclude>
    <ClInclude Include="FixedUI.h">
      <Filter>Game Layer\GameUI</Filter>
    </ClInclude>
    <ClInclude Include="BasicUI.h">
      <Filter>Game Layer\GameUI</Filter>
    </ClInclude>
    <ClInclude Include="tutorialPlane.h">
      <Filter>Game Layer\Scene\Tutorial\Plane</Filter>
    </ClInclude>
    <ClInclude Include="TutorialUI.h">
      <Filter>Game Layer\Scene\Tutorial\UI</Filter>
    </ClInclude>
    <ClInclude Include="TelopManager.h">
      <Filter>Game Layer\Tlop</Filter>
    </ClInclude>
    <ClInclude Include="TestEffectOccurrence.h">
      <Filter>Game Layer\TestEffect</Filter>
    </ClInclude>
    <ClInclude Include="StatusFrame.h">
      <Filter>Game Layer\GameUI</Filter>
    </ClInclude>
    <ClInclude Include="ObjectTypeList.h">
      <Filter>Game Layer\ObjectTypeList</Filter>
    </ClInclude>
    <ClInclude Include="CollisionManager.h">
      <Filter>Constant Layer\Collision\CollisionManager</Filter>
    </ClInclude>
    <ClInclude Include="Wind.h">
      <Filter>Game Layer\Wind</Filter>
    </ClInclude>
    <ClInclude Include="MapObject.h">
      <Filter>Game Layer\MapObject</Filter>
    </ClInclude>
    <ClInclude Include="MapObjectManager.h">
      <Filter>Game Layer\MapObject</Filter>
    </ClInclude>
    <ClInclude Include="AABB.h">
      <Filter>Constant Layer\Collision\AxisAlinedBoundingBox</Filter>
    </ClInclude>
    <ClInclude Include="HPguage.h">
      <Filter>Game Layer\GameUI\Guage</Filter>
    </ClInclude>
    <ClInclude Include="HPguageEmp.h">
      <Filter>Game Layer\GameUI\Guage</Filter>
    </ClInclude>
    <ClInclude Include="CharaIcon.h">
      <Filter>Game Layer\GameUI</Filter>
    </ClInclude>
    <ClInclude Include="ButtonUI.h">
      <Filter>Game Layer\GameUI</Filter>
    </ClInclude>
    <ClInclude Include="Advertisement.h">
      <Filter>Game Layer\TestPlane</Filter>
    </ClInclude>
    <ClInclude Include="HPguageP2.h">
      <Filter>Game Layer\GameUI\Guage</Filter>
    </ClInclude>
    <ClInclude Include="GreeningArea.h">
      <Filter>Game Layer\Tree</Filter>
    </ClInclude>
    <ClInclude Include="NormalState.h">
      <Filter>Game Layer\Player\State\NormalState</Filter>
    </ClInclude>
    <ClInclude Include="DebugBox.h">
      <Filter>Constant Layer\Collision\Box</Filter>
    </ClInclude>
    <ClInclude Include="DigitalShiftState.h">
      <Filter>Game Layer\Player\State\DigitalShiftState</Filter>
    </ClInclude>
    <ClInclude Include="VisionState.h">
      <Filter>Game Layer\Player\State\VisionState</Filter>
    </ClInclude>
    <ClInclude Include="SkyVisionState.h">
      <Filter>Game Layer\Player\State\SkyVisionState</Filter>
    </ClInclude>
    <ClInclude Include="ElectGuageeEmp.h">
      <Filter>Game Layer\GameUI\Guage</Filter>
    </ClInclude>
    <ClInclude Include="Timer.h">
      <Filter>Game Layer\GameUI\Timer</Filter>
    </ClInclude>
    <ClInclude Include="TimerFrame.h">
      <Filter>Game Layer\GameUI\Timer</Filter>
    </ClInclude>
    <ClInclude Include="ElectGuage.h">
      <Filter>Game Layer\GameUI\Guage</Filter>
    </ClInclude>
    <ClInclude Include="DebugScene.h">
      <Filter>Game Layer\Scene\DebugScene</Filter>
    </ClInclude>
    <ClInclude Include="WaveBall.h">
      <Filter>Constant Layer\Sound\WaveBall</Filter>
    </ClInclude>
    <ClInclude Include="Player1UI.h">
      <Filter>Game Layer\GameUI\PlayerUI</Filter>
    </ClInclude>
    <ClInclude Include="Player2UI.h">
      <Filter>Game Layer\GameUI\PlayerUI</Filter>
    </ClInclude>
    <ClInclude Include="DigitalShiftEffect.h">
      <Filter>Game Layer\Player\Effect</Filter>
    </ClInclude>
    <ClInclude Include="TreeEffect.h">
      <Filter>Game Layer\Tree</Filter>
    </ClInclude>
    <ClInclude Include="Cylinder.h">
      <Filter>Constant Layer\Collision\Cylinder</Filter>
    </ClInclude>
    <ClInclude Include="DeathState.h">
      <Filter>Game Layer\Player\State\DeathState</Filter>
    </ClInclude>
    <ClInclude Include="ResultBG.h">
      <Filter>Game Layer\Scene\Result\ResultUI</Filter>
    </ClInclude>
    <ClInclude Include="UIcharacter.h">
      <Filter>Game Layer\Scene\Result\ResultUI\Character</Filter>
    </ClInclude>
    <ClInclude Include="Result_chara.h">
      <Filter>Game Layer\Scene\Result\ResultUI\Character</Filter>
    </ClInclude>
    <ClInclude Include="Player_Chara.h">
      <Filter>Game Layer\Scene\Result\ResultUI\Character</Filter>
    </ClInclude>
    <ClInclude Include="Greenig_Chara.h">
      <Filter>Game Layer\Scene\Result\ResultUI\Character</Filter>
    </ClInclude>
    <ClInclude Include="Defeat_Chara.h">
      <Filter>Game Layer\Scene\Result\ResultUI\Character</Filter>
    </ClInclude>
    <ClInclude Include="Greening_Moji.h">
      <Filter>Game Layer\Scene\Result\ResultUI\Character</Filter>
    </ClInclude>
    <ClInclude Include="Defeat_Moji.h">
      <Filter>Game Layer\Scene\Result\ResultUI\Character</Filter>
    </ClInclude>
    <ClInclude Include="WholeGreening.h">
      <Filter>Game Layer\Scene\Result\ResultUI\Character</Filter>
    </ClInclude>
    <ClInclude Include="Persent.h">
      <Filter>Game Layer\Scene\Result\ResultUI\Character</Filter>
    </ClInclude>
    <ClInclude Include="Display.h">
      <Filter>Game Layer\Scene\Display</Filter>
    </ClInclude>
    <ClInclude Include="EnemyChaseMark.h">
      <Filter>Game Layer\Enemy</Filter>
    </ClInclude>
    <ClInclude Include="Wolf.h">
      <Filter>Game Layer\Enemy\Wolf</Filter>
    </ClInclude>
    <ClInclude Include="Tiger.h">
      <Filter>Game Layer\Enemy\Tiger</Filter>
    </ClInclude>
    <ClInclude Include="TigerAnimation.h">
      <Filter>Game Layer\Enemy\Tiger</Filter>
    </ClInclude>
    <ClInclude Include="TigerBullet.h">
      <Filter>Game Layer\Enemy\Tiger</Filter>
    </ClInclude>
    <ClInclude Include="Bear.h">
      <Filter>Game Layer\Enemy\Bear</Filter>
    </ClInclude>
    <ClInclude Include="PartsAnimation.h">
      <Filter>Game Layer\Enemy\PartsAnimation</Filter>
    </ClInclude>
    <ClInclude Include="PartsAnimationManager.h">
      <Filter>Game Layer\Enemy\PartsAnimation</Filter>
    </ClInclude>
    <ClInclude Include="WolfAnimation.h">
      <Filter>Game Layer\Enemy\Wolf</Filter>
    </ClInclude>
    <ClInclude Include="BearAnimation.h">
      <Filter>Game Layer\Enemy\Bear</Filter>
    </ClInclude>
    <ClInclude Include="Finale.h">
      <Filter>Game Layer\Scene\Finale</Filter>
    </ClInclude>
    <ClInclude Include="networkServer.h">
      <Filter>Game Layer\Scene\Display\Server</Filter>
    </ClInclude>
    <ClInclude Include="networkClient.h">
      <Filter>Game Layer\Network</Filter>
    </ClInclude>
    <ClInclude Include="SaiFadeIn.h">
      <Filter>Constant Layer\Sound\APO</Filter>
    </ClInclude>
    <ClInclude Include="SaiDelayReverb.h">
      <Filter>Constant Layer\Sound\APO</Filter>
    </ClInclude>
    <ClInclude Include="CountUI.h">
      <Filter>Game Layer\GameUI\CountUI</Filter>
    </ClInclude>
    <ClInclude Include="movep1.h">
      <Filter>Loader Layer\SkinMeshLoader</Filter>
    </ClInclude>
    <ClInclude Include="Announcement.h">
      <Filter>Game Layer\GameUI\Announcement</Filter>
    </ClInclude>
    <ClInclude Include="Marker.h">
      <Filter>Game Layer\GameUI\Marker</Filter>
    </ClInclude>
    <ClInclude Include="SerialCommunication.h">
      <Filter>SerialCommunication</Filter>
    </ClInclude>
    <ClInclude Include="Mark.h">
      <Filter>Game Layer\GameUI\Guage</Filter>
    </ClInclude>
    <ClInclude Include="Green.h">
      <Filter>Game Layer\GameUI</Filter>
    </ClInclude>
    <ClInclude Include="GreenRate.h">
      <Filter>Game Layer\GameUI</Filter>
    </ClInclude>
    <ClInclude Include="Equipment.h">
      <Filter>Loader Layer\SkinMeshLoader</Filter>
    </ClInclude>
    <ClInclude Include="DamageUI.h">
      <Filter>Game Layer\GameUI\PlayerUI</Filter>
    </ClInclude>
    <ClInclude Include="Finaletex.h">
      <Filter>Game Layer\Scene\Finale</Filter>
    </ClInclude>
    <ClInclude Include="FinaleEffect.h">
      <Filter>Game Layer\FinaleEffect</Filter>
    </ClInclude>
    <ClInclude Include="PlayerEffect.h">
      <Filter>Game Layer\Player\Effect</Filter>
    </ClInclude>
  </ItemGroup>
  <ItemGroup>
    <Image Include="Icon.ico">
      <Filter>Constant Layer\Icon</Filter>
    </Image>
  </ItemGroup>
  <ItemGroup>
    <ResourceCompile Include="Icon.rc">
      <Filter>Constant Layer\Icon</Filter>
    </ResourceCompile>
  </ItemGroup>
  <ItemGroup>
    <Text Include="Readme\Readme.txt">
      <Filter>Readme</Filter>
    </Text>
    <Text Include="01 Data File\DumpFuzzyRecognition.txt">
      <Filter>Resorce Layer\01 Data File</Filter>
    </Text>
    <Text Include="01 Data File\dumpMapData.txt">
      <Filter>Resorce Layer\01 Data File</Filter>
    </Text>
    <Text Include="01 Data File\DumpRecuasionArea.txt">
      <Filter>Resorce Layer\01 Data File</Filter>
    </Text>
    <Text Include="01 Data File\memo.txt">
      <Filter>Resorce Layer\01 Data File</Filter>
    </Text>
    <Text Include="01 Data File\wasuremonoPosCheck.txt">
      <Filter>Resorce Layer\01 Data File</Filter>
    </Text>
    <Text Include="Readme\コーディング規約.txt">
      <Filter>Readme</Filter>
    </Text>
    <Text Include="08 Network File\PCName.txt">
      <Filter>Resorce Layer\08 Network File</Filter>
    </Text>
  </ItemGroup>
  <ItemGroup>
    <Font Include="01 Data File\FOT-NewRodinPro-UB.otf">
      <Filter>Resorce Layer\01 Data File</Filter>
    </Font>
    <Font Include="01 Data File\unicode.futurabb.ttf">
      <Filter>Resorce Layer\01 Data File</Filter>
    </Font>
  </ItemGroup>
</Project>