<?xml version="1.0" encoding="utf-8"?>
<Project ToolsVersion="4.0" xmlns="http://schemas.microsoft.com/developer/msbuild/2003">
  <ItemGroup>
    <Filter Include="ソース ファイル">
      <UniqueIdentifier>{4FC737F1-C7A5-4376-A066-2A32D752A2FF}</UniqueIdentifier>
      <Extensions>cpp;c;cc;cxx;def;odl;idl;hpj;bat;asm;asmx</Extensions>
    </Filter>
    <Filter Include="ヘッダー ファイル">
      <UniqueIdentifier>{93995380-89BD-4b04-88EB-625FBE52EBFB}</UniqueIdentifier>
      <Extensions>h;hh;hpp;hxx;hm;inl;inc;ipp;xsd</Extensions>
    </Filter>
    <Filter Include="リソース ファイル">
      <UniqueIdentifier>{67DA6AB6-F800-4c08-8B7A-83BB121AAD01}</UniqueIdentifier>
      <Extensions>rc;ico;cur;bmp;dlg;rc2;rct;bin;rgs;gif;jpg;jpeg;jpe;resx;tiff;tif;png;wav;mfcribbon-ms</Extensions>
    </Filter>
    <Filter Include="ソース ファイル\main">
      <UniqueIdentifier>{5df87829-3e99-47fd-8d5c-9248521b579d}</UniqueIdentifier>
    </Filter>
    <Filter Include="ソース ファイル\DirectShow">
      <UniqueIdentifier>{c6c359c1-69e7-4ab3-bd14-b43da4950aa3}</UniqueIdentifier>
    </Filter>
    <Filter Include="ソース ファイル\input">
      <UniqueIdentifier>{d71a5d6f-3bb4-41b6-bb0a-142ef3f47da2}</UniqueIdentifier>
    </Filter>
    <Filter Include="ソース ファイル\Test">
      <UniqueIdentifier>{18693c0b-a83c-4bfc-b1e6-13acb57d118a}</UniqueIdentifier>
    </Filter>
    <Filter Include="ソース ファイル\base">
      <UniqueIdentifier>{c261765e-d45e-4652-add9-3911aeec9988}</UniqueIdentifier>
    </Filter>
    <Filter Include="ソース ファイル\Draw">
      <UniqueIdentifier>{b30d44cb-34bb-4e40-8b53-b5f3b8ed7988}</UniqueIdentifier>
    </Filter>
  </ItemGroup>
  <ItemGroup>
    <ClCompile Include="show.cpp">
      <Filter>ソース ファイル\DirectShow</Filter>
    </ClCompile>
    <ClCompile Include="main.cpp">
      <Filter>ソース ファイル\main</Filter>
    </ClCompile>
    <ClCompile Include="input.cpp">
      <Filter>ソース ファイル\input</Filter>
    </ClCompile>
    <ClCompile Include="test.cpp">
      <Filter>ソース ファイル\Test</Filter>
    </ClCompile>
    <ClCompile Include="basic.cpp">
      <Filter>ソース ファイル\base</Filter>
    </ClCompile>
    <ClCompile Include="fastDraw2D.cpp">
      <Filter>ソース ファイル\Draw</Filter>
    </ClCompile>
  </ItemGroup>
  <ItemGroup>
    <ClInclude Include="show.h">
      <Filter>ソース ファイル\DirectShow</Filter>
    </ClInclude>
    <ClInclude Include="main.h">
      <Filter>ソース ファイル\main</Filter>
    </ClInclude>
    <ClInclude Include="input.h">
      <Filter>ソース ファイル\input</Filter>
    </ClInclude>
    <ClInclude Include="test.h">
      <Filter>ソース ファイル\Test</Filter>
    </ClInclude>
    <ClInclude Include="basic.h">
      <Filter>ソース ファイル\base</Filter>
    </ClInclude>
    <ClInclude Include="fastDraw2D.h">
      <Filter>ソース ファイル\Draw</Filter>
    </ClInclude>
  </ItemGroup>
</Project>